
Microsoft Visual Studio Solution File, Format Version 12.00
Project("{2150E333-8FDC-42A3-9474-1A3956D46DE8}") = "src", "src", "{B1E897FD-A3B5-49E8-A904-C9BB83930259}"
EndProject
Project("{FAE04EC0-301F-11D3-BF4B-00C04F79EFBC}") = "Infrastructure", "src\Infrastructure\Infrastructure.csproj", "{9C79F03B-835E-4DDF-B7E1-A941A2B2AD64}"
EndProject
Project("{FAE04EC0-301F-11D3-BF4B-00C04F79EFBC}") = "Domain", "src\Domain\Domain.csproj", "{DF584AEC-AF50-4BAA-A5F2-E50A44279615}"
EndProject
Project("{FAE04EC0-301F-11D3-BF4B-00C04F79EFBC}") = "Application", "src\Application\Application.csproj", "{D8357CE9-1D46-49B3-810E-366A899C0BD6}"
EndProject
Project("{FAE04EC0-301F-11D3-BF4B-00C04F79EFBC}") = "API", "src\API\API.csproj", "{3FD3414E-488D-4B89-A660-01E1C63C9014}"
EndProject
Project("{2150E333-8FDC-42A3-9474-1A3956D46DE8}") = "tests", "tests", "{F37DCF34-539A-4A89-94DE-823793C27773}"
EndProject
Project("{FAE04EC0-301F-11D3-BF4B-00C04F79EFBC}") = "Application.ArchTests", "tests\Application.ArchTests\Application.ArchTests.csproj", "{00E1BE0B-839E-4DD7-8E43-B97E653F2D58}"
EndProject
Project("{FAE04EC0-301F-11D3-BF4B-00C04F79EFBC}") = "Infrastructure.ArchTests", "tests\Infrastructure.ArchTests\Infrastructure.ArchTests.csproj", "{6935ACA5-D1C8-49CF-9B15-243FD853710D}"
EndProject
Project("{FAE04EC0-301F-11D3-BF4B-00C04F79EFBC}") = "API.IntegrationTests", "tests\API.IntegrationTests\API.IntegrationTests.csproj", "{7089A6D7-926B-4C65-99A7-CA7E619E160F}"
EndProject
Global
	GlobalSection(SolutionConfigurationPlatforms) = preSolution
		Debug|Any CPU = Debug|Any CPU
		Release|Any CPU = Release|Any CPU
	EndGlobalSection
	GlobalSection(ProjectConfigurationPlatforms) = postSolution
		{9C79F03B-835E-4DDF-B7E1-A941A2B2AD64}.Debug|Any CPU.ActiveCfg = Debug|Any CPU
		{9C79F03B-835E-4DDF-B7E1-A941A2B2AD64}.Debug|Any CPU.Build.0 = Debug|Any CPU
		{9C79F03B-835E-4DDF-B7E1-A941A2B2AD64}.Release|Any CPU.ActiveCfg = Release|Any CPU
		{9C79F03B-835E-4DDF-B7E1-A941A2B2AD64}.Release|Any CPU.Build.0 = Release|Any CPU
		{DF584AEC-AF50-4BAA-A5F2-E50A44279615}.Debug|Any CPU.ActiveCfg = Debug|Any CPU
		{DF584AEC-AF50-4BAA-A5F2-E50A44279615}.Debug|Any CPU.Build.0 = Debug|Any CPU
		{DF584AEC-AF50-4BAA-A5F2-E50A44279615}.Release|Any CPU.ActiveCfg = Release|Any CPU
		{DF584AEC-AF50-4BAA-A5F2-E50A44279615}.Release|Any CPU.Build.0 = Release|Any CPU
		{D8357CE9-1D46-49B3-810E-366A899C0BD6}.Debug|Any CPU.ActiveCfg = Debug|Any CPU
		{D8357CE9-1D46-49B3-810E-366A899C0BD6}.Debug|Any CPU.Build.0 = Debug|Any CPU
		{D8357CE9-1D46-49B3-810E-366A899C0BD6}.Release|Any CPU.ActiveCfg = Release|Any CPU
		{D8357CE9-1D46-49B3-810E-366A899C0BD6}.Release|Any CPU.Build.0 = Release|Any CPU
		{3FD3414E-488D-4B89-A660-01E1C63C9014}.Debug|Any CPU.ActiveCfg = Debug|Any CPU
		{3FD3414E-488D-4B89-A660-01E1C63C9014}.Debug|Any CPU.Build.0 = Debug|Any CPU
		{3FD3414E-488D-4B89-A660-01E1C63C9014}.Release|Any CPU.ActiveCfg = Release|Any CPU
		{3FD3414E-488D-4B89-A660-01E1C63C9014}.Release|Any CPU.Build.0 = Release|Any CPU
		{00E1BE0B-839E-4DD7-8E43-B97E653F2D58}.Debug|Any CPU.ActiveCfg = Debug|Any CPU
		{00E1BE0B-839E-4DD7-8E43-B97E653F2D58}.Debug|Any CPU.Build.0 = Debug|Any CPU
		{00E1BE0B-839E-4DD7-8E43-B97E653F2D58}.Release|Any CPU.ActiveCfg = Release|Any CPU
		{00E1BE0B-839E-4DD7-8E43-B97E653F2D58}.Release|Any CPU.Build.0 = Release|Any CPU
		{6935ACA5-D1C8-49CF-9B15-243FD853710D}.Debug|Any CPU.ActiveCfg = Debug|Any CPU
		{6935ACA5-D1C8-49CF-9B15-243FD853710D}.Debug|Any CPU.Build.0 = Debug|Any CPU
		{6935ACA5-D1C8-49CF-9B15-243FD853710D}.Release|Any CPU.ActiveCfg = Release|Any CPU
		{6935ACA5-D1C8-49CF-9B15-243FD853710D}.Release|Any CPU.Build.0 = Release|Any CPU
		{7089A6D7-926B-4C65-99A7-CA7E619E160F}.Debug|Any CPU.ActiveCfg = Debug|Any CPU
		{7089A6D7-926B-4C65-99A7-CA7E619E160F}.Debug|Any CPU.Build.0 = Debug|Any CPU
		{7089A6D7-926B-4C65-99A7-CA7E619E160F}.Release|Any CPU.ActiveCfg = Release|Any CPU
		{7089A6D7-926B-4C65-99A7-CA7E619E160F}.Release|Any CPU.Build.0 = Release|Any CPU
	EndGlobalSection
	GlobalSection(NestedProjects) = preSolution
		{9C79F03B-835E-4DDF-B7E1-A941A2B2AD64} = {B1E897FD-A3B5-49E8-A904-C9BB83930259}
		{DF584AEC-AF50-4BAA-A5F2-E50A44279615} = {B1E897FD-A3B5-49E8-A904-C9BB83930259}
		{D8357CE9-1D46-49B3-810E-366A899C0BD6} = {B1E897FD-A3B5-49E8-A904-C9BB83930259}
		{3FD3414E-488D-4B89-A660-01E1C63C9014} = {B1E897FD-A3B5-49E8-A904-C9BB83930259}
		{00E1BE0B-839E-4DD7-8E43-B97E653F2D58} = {F37DCF34-539A-4A89-94DE-823793C27773}
		{6935ACA5-D1C8-49CF-9B15-243FD853710D} = {F37DCF34-539A-4A89-94DE-823793C27773}
		{7089A6D7-926B-4C65-99A7-CA7E619E160F} = {F37DCF34-539A-4A89-94DE-823793C27773}
	EndGlobalSection
EndGlobal
